
Microsoft Visual Studio Solution File, Format Version 12.00
# Visual Studio Version 16
VisualStudioVersion = 16.0.32602.291
MinimumVisualStudioVersion = 10.0.40219.1
Project("{8BC9CEB8-8B4A-11D0-8D11-00A0C91BC942}") = "test", "test.vcxproj", "{F02B3A42-580F-4692-83DB-A490C9A78C99}"
EndProject
Global
	GlobalSection(SolutionConfigurationPlatforms) = preSolution
		Debug|x64 = Debug|x64
		Debug|x86 = Debug|x86
		Release|x64 = Release|x64
		Release|x86 = Release|x86
	EndGlobalSection
	GlobalSection(ProjectConfigurationPlatforms) = postSolution
		{F02B3A42-580F-4692-83DB-A490C9A78C99}.Debug|x64.ActiveCfg = Debug|x64
		{F02B3A42-580F-4692-83DB-A490C9A78C99}.Debug|x64.Build.0 = Debug|x64
		{F02B3A42-580F-4692-83DB-A490C9A78C99}.Debug|x86.ActiveCfg = Debug|Win32
		{F02B3A42-580F-4692-83DB-A490C9A78C99}.Debug|x86.Build.0 = Debug|Win32
		{F02B3A42-580F-4692-83DB-A490C9A78C99}.Release|x64.ActiveCfg = Release|x64
		{F02B3A42-580F-4692-83DB-A490C9A78C99}.Release|x64.Build.0 = Release|x64
		{F02B3A42-580F-4692-83DB-A490C9A78C99}.Release|x86.ActiveCfg = Release|Win32
		{F02B3A42-580F-4692-83DB-A490C9A78C99}.Release|x86.Build.0 = Release|Win32
	EndGlobalSection
	GlobalSection(SolutionProperties) = preSolution
		HideSolutionNode = FALSE
	EndGlobalSection
	GlobalSection(ExtensibilityGlobals) = postSolution
		SolutionGuid = {4896E495-1C6F-4D67-AE4B-571A1964A79A}
	EndGlobalSection
EndGlobal
