
Microsoft Visual Studio Solution File, Format Version 12.00
# Visual Studio Version 16
VisualStudioVersion = 16.0.31911.196
MinimumVisualStudioVersion = 10.0.40219.1
Project("{8BC9CEB8-8B4A-11D0-8D11-00A0C91BC942}") = "text_3_8", "text_3_8.vcxproj", "{E5A9D106-8E98-4D51-8C25-E199695FC1C7}"
EndProject
Global
	GlobalSection(SolutionConfigurationPlatforms) = preSolution
		Debug|x64 = Debug|x64
		Debug|x86 = Debug|x86
		Release|x64 = Release|x64
		Release|x86 = Release|x86
	EndGlobalSection
	GlobalSection(ProjectConfigurationPlatforms) = postSolution
		{E5A9D106-8E98-4D51-8C25-E199695FC1C7}.Debug|x64.ActiveCfg = Debug|x64
		{E5A9D106-8E98-4D51-8C25-E199695FC1C7}.Debug|x64.Build.0 = Debug|x64
		{E5A9D106-8E98-4D51-8C25-E199695FC1C7}.Debug|x86.ActiveCfg = Debug|Win32
		{E5A9D106-8E98-4D51-8C25-E199695FC1C7}.Debug|x86.Build.0 = Debug|Win32
		{E5A9D106-8E98-4D51-8C25-E199695FC1C7}.Release|x64.ActiveCfg = Release|x64
		{E5A9D106-8E98-4D51-8C25-E199695FC1C7}.Release|x64.Build.0 = Release|x64
		{E5A9D106-8E98-4D51-8C25-E199695FC1C7}.Release|x86.ActiveCfg = Release|Win32
		{E5A9D106-8E98-4D51-8C25-E199695FC1C7}.Release|x86.Build.0 = Release|Win32
	EndGlobalSection
	GlobalSection(SolutionProperties) = preSolution
		HideSolutionNode = FALSE
	EndGlobalSection
	GlobalSection(ExtensibilityGlobals) = postSolution
		SolutionGuid = {CBCC85BC-EE35-4C8A-893E-3ABD403C89E4}
	EndGlobalSection
EndGlobal
