
Microsoft Visual Studio Solution File, Format Version 12.00
# Visual Studio Version 16
VisualStudioVersion = 16.0.31911.196
MinimumVisualStudioVersion = 10.0.40219.1
Project("{8BC9CEB8-8B4A-11D0-8D11-00A0C91BC942}") = "Text_12_19", "Text_12_19.vcxproj", "{1876A2DD-A957-4AE9-8A8F-CD9D87BB0D51}"
EndProject
Global
	GlobalSection(SolutionConfigurationPlatforms) = preSolution
		Debug|x64 = Debug|x64
		Debug|x86 = Debug|x86
		Release|x64 = Release|x64
		Release|x86 = Release|x86
	EndGlobalSection
	GlobalSection(ProjectConfigurationPlatforms) = postSolution
		{1876A2DD-A957-4AE9-8A8F-CD9D87BB0D51}.Debug|x64.ActiveCfg = Debug|x64
		{1876A2DD-A957-4AE9-8A8F-CD9D87BB0D51}.Debug|x64.Build.0 = Debug|x64
		{1876A2DD-A957-4AE9-8A8F-CD9D87BB0D51}.Debug|x86.ActiveCfg = Debug|Win32
		{1876A2DD-A957-4AE9-8A8F-CD9D87BB0D51}.Debug|x86.Build.0 = Debug|Win32
		{1876A2DD-A957-4AE9-8A8F-CD9D87BB0D51}.Release|x64.ActiveCfg = Release|x64
		{1876A2DD-A957-4AE9-8A8F-CD9D87BB0D51}.Release|x64.Build.0 = Release|x64
		{1876A2DD-A957-4AE9-8A8F-CD9D87BB0D51}.Release|x86.ActiveCfg = Release|Win32
		{1876A2DD-A957-4AE9-8A8F-CD9D87BB0D51}.Release|x86.Build.0 = Release|Win32
	EndGlobalSection
	GlobalSection(SolutionProperties) = preSolution
		HideSolutionNode = FALSE
	EndGlobalSection
	GlobalSection(ExtensibilityGlobals) = postSolution
		SolutionGuid = {57B93C30-B0FF-482C-9FA8-7B46FCE35D07}
	EndGlobalSection
EndGlobal
