
Microsoft Visual Studio Solution File, Format Version 12.00
# Visual Studio Version 16
VisualStudioVersion = 16.0.31911.196
MinimumVisualStudioVersion = 10.0.40219.1
Project("{8BC9CEB8-8B4A-11D0-8D11-00A0C91BC942}") = "text_4_5", "text_4_5.vcxproj", "{42E76BB9-BED3-4BBF-98B1-6430B9FE6990}"
EndProject
Global
	GlobalSection(SolutionConfigurationPlatforms) = preSolution
		Debug|x64 = Debug|x64
		Debug|x86 = Debug|x86
		Release|x64 = Release|x64
		Release|x86 = Release|x86
	EndGlobalSection
	GlobalSection(ProjectConfigurationPlatforms) = postSolution
		{42E76BB9-BED3-4BBF-98B1-6430B9FE6990}.Debug|x64.ActiveCfg = Debug|x64
		{42E76BB9-BED3-4BBF-98B1-6430B9FE6990}.Debug|x64.Build.0 = Debug|x64
		{42E76BB9-BED3-4BBF-98B1-6430B9FE6990}.Debug|x86.ActiveCfg = Debug|Win32
		{42E76BB9-BED3-4BBF-98B1-6430B9FE6990}.Debug|x86.Build.0 = Debug|Win32
		{42E76BB9-BED3-4BBF-98B1-6430B9FE6990}.Release|x64.ActiveCfg = Release|x64
		{42E76BB9-BED3-4BBF-98B1-6430B9FE6990}.Release|x64.Build.0 = Release|x64
		{42E76BB9-BED3-4BBF-98B1-6430B9FE6990}.Release|x86.ActiveCfg = Release|Win32
		{42E76BB9-BED3-4BBF-98B1-6430B9FE6990}.Release|x86.Build.0 = Release|Win32
	EndGlobalSection
	GlobalSection(SolutionProperties) = preSolution
		HideSolutionNode = FALSE
	EndGlobalSection
	GlobalSection(ExtensibilityGlobals) = postSolution
		SolutionGuid = {E01E6871-0B34-450F-8643-C4DB47404E3F}
	EndGlobalSection
EndGlobal
