
Microsoft Visual Studio Solution File, Format Version 12.00
# Visual Studio Version 17
VisualStudioVersion = 17.5.33502.453
MinimumVisualStudioVersion = 10.0.40219.1
Project("{8BC9CEB8-8B4A-11D0-8D11-00A0C91BC942}") = "Project1", "Project1.vcxproj", "{AEA082A6-2403-4DE4-A709-88AA3A964DE0}"
EndProject
Global
	GlobalSection(SolutionConfigurationPlatforms) = preSolution
		Debug|x64 = Debug|x64
		Debug|x86 = Debug|x86
		Release|x64 = Release|x64
		Release|x86 = Release|x86
	EndGlobalSection
	GlobalSection(ProjectConfigurationPlatforms) = postSolution
		{AEA082A6-2403-4DE4-A709-88AA3A964DE0}.Debug|x64.ActiveCfg = Debug|x64
		{AEA082A6-2403-4DE4-A709-88AA3A964DE0}.Debug|x64.Build.0 = Debug|x64
		{AEA082A6-2403-4DE4-A709-88AA3A964DE0}.Debug|x86.ActiveCfg = Debug|Win32
		{AEA082A6-2403-4DE4-A709-88AA3A964DE0}.Debug|x86.Build.0 = Debug|Win32
		{AEA082A6-2403-4DE4-A709-88AA3A964DE0}.Release|x64.ActiveCfg = Release|x64
		{AEA082A6-2403-4DE4-A709-88AA3A964DE0}.Release|x64.Build.0 = Release|x64
		{AEA082A6-2403-4DE4-A709-88AA3A964DE0}.Release|x86.ActiveCfg = Release|Win32
		{AEA082A6-2403-4DE4-A709-88AA3A964DE0}.Release|x86.Build.0 = Release|Win32
	EndGlobalSection
	GlobalSection(SolutionProperties) = preSolution
		HideSolutionNode = FALSE
	EndGlobalSection
	GlobalSection(ExtensibilityGlobals) = postSolution
		SolutionGuid = {CFBA910F-12CB-4F4E-8033-9FBC0D82F242}
	EndGlobalSection
EndGlobal
